{
  "requires": true,
  "lockfileVersion": 1,
  "dependencies": {
    "cos-js-sdk-v5": {
      "version": "1.2.7",
      "resolved": "https://registry.npmjs.org/cos-js-sdk-v5/-/cos-js-sdk-v5-1.2.7.tgz",
      "integrity": "sha512-lKzSOBp23VPLSQwNCOzDxChdPpbTc1vj2/hERhSsXUytYvBTIgaZmq9HK9Z/1UpvPTeyt14ECnbpHxQlL3xEIw==",
      "requires": {
        "xmldom": "^0.1.31"
      }
    },
    "cos-wx-sdk-v5": {
      "version": "0.7.10",
      "resolved": "https://registry.npm.taobao.org/cos-wx-sdk-v5/download/cos-wx-sdk-v5-0.7.10.tgz",
      "integrity": "sha1-/srBpTPTvshs9UjGyPRDK1Dc4Gs=",
      "requires": {
        "xmldom": "^0.1.27"
      }
    },
    "eventemitter3": {
      "version": "4.0.4",
      "resolved": "https://registry.npmjs.org/eventemitter3/-/eventemitter3-4.0.4.tgz",
      "integrity": "sha512-rlaVLnVxtxvoyLsQQFBx53YmXHDxRIzzTLbdfxqi4yocpSjAxXwkU0cScM5JgSKMqEhrZpnvQ2D9gjylR0AimQ=="
    },
    "tim-js-sdk": {
      "version": "2.9.3",
      "resolved": "https://registry.npmjs.org/tim-js-sdk/-/tim-js-sdk-2.9.3.tgz",
      "integrity": "sha512-TJ6pccUyPcLO15bdbjZYmQJWYGxdwen54CI5oynY5zlUdmlEyUkLgNjKT9zX7ic4CGT468lRIXr7gSDJP5fQ3w=="
    },
    "tim-wx-sdk": {
      "version": "2.7.1",
      "resolved": "https://registry.npm.taobao.org/tim-wx-sdk/download/tim-wx-sdk-2.7.1.tgz",
      "integrity": "sha1-sBiXTi1v8PpZYWGQT+rgAmQqCms="
    },
    "weui-miniprogram": {
      "version": "1.0.3",
      "resolved": "https://registry.npmjs.org/weui-miniprogram/-/weui-miniprogram-1.0.3.tgz",
      "integrity": "sha512-b29QHJDbTzGG7+2WOQGKrZeRJ7dG7x5m4Ruqe7DXBDRcPHU9oKF6wZXnyVWF9pLk8PeOWxlnIjALbZVnN4blXw=="
    },
    "widget-ui": {
      "version": "1.0.2",
      "resolved": "https://registry.npmjs.org/widget-ui/-/widget-ui-1.0.2.tgz",
      "integrity": "sha512-gDXosr5mflJdMA1weU1A47aTsTFfMJhfA4EKgO5XFebY3eVklf80KD4GODfrjo8J2WQ+9YjL1Rd9UUmKIzhShw==",
      "requires": {
        "eventemitter3": "^4.0.0"
      }
    },
    "xmldom": {
      "version": "0.1.31",
      "resolved": "https://registry.npm.taobao.org/xmldom/download/xmldom-0.1.31.tgz",
      "integrity": "sha1-t2yaG9nwqXN+WnLcNyMc84N14v8="
    }
  }
}
